// !$*UTF8*$!
{
	archiveVersion = 1;
	classes = {
	};
	objectVersion = 50;
	objects = {

/* Begin PBXBuildFile section */
		AC6ACA87237DAA84000FB10A /* AppDelegate.swift in Sources */ = {isa = PBXBuildFile; fileRef = AC6ACA86237DAA84000FB10A /* AppDelegate.swift */; };
		AC6ACA89237DAA84000FB10A /* SceneDelegate.swift in Sources */ = {isa = PBXBuildFile; fileRef = AC6ACA88237DAA84000FB10A /* SceneDelegate.swift */; };
		AC6ACA8B237DAA84000FB10A /* ViewController.swift in Sources */ = {isa = PBXBuildFile; fileRef = AC6ACA8A237DAA84000FB10A /* ViewController.swift */; };
		AC6ACA8E237DAA84000FB10A /* Main.storyboard in Resources */ = {isa = PBXBuildFile; fileRef = AC6ACA8C237DAA84000FB10A /* Main.storyboard */; };
		AC6ACA90237DAA8A000FB10A /* Assets.xcassets in Resources */ = {isa = PBXBuildFile; fileRef = AC6ACA8F237DAA8A000FB10A /* Assets.xcassets */; };
		AC6ACA93237DAA8A000FB10A /* LaunchScreen.storyboard in Resources */ = {isa = PBXBuildFile; fileRef = AC6ACA91237DAA8A000FB10A /* LaunchScreen.storyboard */; };
		AC6ACABE237DD2DC000FB10A /* ProjectsTableViewController.swift in Sources */ = {isa = PBXBuildFile; fileRef = AC6ACABD237DD2DC000FB10A /* ProjectsTableViewController.swift */; };
		AC6ACAC3237DD386000FB10A /* DataManager.swift in Sources */ = {isa = PBXBuildFile; fileRef = AC6ACAC2237DD386000FB10A /* DataManager.swift */; };
		AC6ACAC6237DD621000FB10A /* WebViewController.swift in Sources */ = {isa = PBXBuildFile; fileRef = AC6ACAC5237DD621000FB10A /* WebViewController.swift */; };
/* End PBXBuildFile section */

/* Begin PBXFileReference section */
		AC6ACA83237DAA84000FB10A /* RCSAboutUs.app */ = {isa = PBXFileReference; explicitFileType = wrapper.application; includeInIndex = 0; path = RCSAboutUs.app; sourceTree = BUILT_PRODUCTS_DIR; };
		AC6ACA86237DAA84000FB10A /* AppDelegate.swift */ = {isa = PBXFileReference; lastKnownFileType = sourcecode.swift; path = AppDelegate.swift; sourceTree = "<group>"; };
		AC6ACA88237DAA84000FB10A /* SceneDelegate.swift */ = {isa = PBXFileReference; lastKnownFileType = sourcecode.swift; path = SceneDelegate.swift; sourceTree = "<group>"; };
		AC6ACA8A237DAA84000FB10A /* ViewController.swift */ = {isa = PBXFileReference; lastKnownFileType = sourcecode.swift; path = ViewController.swift; sourceTree = "<group>"; };
		AC6ACA8D237DAA84000FB10A /* Base */ = {isa = PBXFileReference; lastKnownFileType = file.storyboard; name = Base; path = Base.lproj/Main.storyboard; sourceTree = "<group>"; };
		AC6ACA8F237DAA8A000FB10A /* Assets.xcassets */ = {isa = PBXFileReference; lastKnownFileType = folder.assetcatalog; path = Assets.xcassets; sourceTree = "<group>"; };
		AC6ACA92237DAA8A000FB10A /* Base */ = {isa = PBXFileReference; lastKnownFileType = file.storyboard; name = Base; path = Base.lproj/LaunchScreen.storyboard; sourceTree = "<group>"; };
		AC6ACA94237DAA8A000FB10A /* Info.plist */ = {isa = PBXFileReference; lastKnownFileType = text.plist.xml; path = Info.plist; sourceTree = "<group>"; };
		AC6ACABD237DD2DC000FB10A /* ProjectsTableViewController.swift */ = {isa = PBXFileReference; lastKnownFileType = sourcecode.swift; path = ProjectsTableViewController.swift; sourceTree = "<group>"; };
		AC6ACAC2237DD386000FB10A /* DataManager.swift */ = {isa = PBXFileReference; lastKnownFileType = sourcecode.swift; path = DataManager.swift; sourceTree = "<group>"; };
		AC6ACAC5237DD621000FB10A /* WebViewController.swift */ = {isa = PBXFileReference; lastKnownFileType = sourcecode.swift; path = WebViewController.swift; sourceTree = "<group>"; };
/* End PBXFileReference section */

/* Begin PBXFrameworksBuildPhase section */
		AC6ACA80237DAA84000FB10A /* Frameworks */ = {
			isa = PBXFrameworksBuildPhase;
			buildActionMask = 2147483647;
			files = (
			);
			runOnlyForDeploymentPostprocessing = 0;
		};
/* End PBXFrameworksBuildPhase section */

/* Begin PBXGroup section */
		AC6ACA7A237DAA84000FB10A = {
			isa = PBXGroup;
			children = (
				AC6ACA85237DAA84000FB10A /* RCSAboutUs */,
				AC6ACA84237DAA84000FB10A /* Products */,
			);
			sourceTree = "<group>";
		};
		AC6ACA84237DAA84000FB10A /* Products */ = {
			isa = PBXGroup;
			children = (
				AC6ACA83237DAA84000FB10A /* RCSAboutUs.app */,
			);
			name = Products;
			sourceTree = "<group>";
		};
		AC6ACA85237DAA84000FB10A /* RCSAboutUs */ = {
			isa = PBXGroup;
			children = (
				AC6ACA9A237DAAA3000FB10A /* Delegates */,
				AC6ACAC4237DD38B000FB10A /* DataManager */,
				AC6ACA9B237DAAAD000FB10A /* Views */,
				AC6ACA9C237DAABD000FB10A /* Controllers */,
				AC6ACA8F237DAA8A000FB10A /* Assets.xcassets */,
				AC6ACA94237DAA8A000FB10A /* Info.plist */,
			);
			path = RCSAboutUs;
			sourceTree = "<group>";
		};
		AC6ACA9A237DAAA3000FB10A /* Delegates */ = {
			isa = PBXGroup;
			children = (
				AC6ACA86237DAA84000FB10A /* AppDelegate.swift */,
				AC6ACA88237DAA84000FB10A /* SceneDelegate.swift */,
			);
			path = Delegates;
			sourceTree = "<group>";
		};
		AC6ACA9B237DAAAD000FB10A /* Views */ = {
			isa = PBXGroup;
			children = (
				AC6ACA8C237DAA84000FB10A /* Main.storyboard */,
				AC6ACA91237DAA8A000FB10A /* LaunchScreen.storyboard */,
			);
			path = Views;
			sourceTree = "<group>";
		};
		AC6ACA9C237DAABD000FB10A /* Controllers */ = {
			isa = PBXGroup;
			children = (
				AC6ACA8A237DAA84000FB10A /* ViewController.swift */,
				AC6ACABD237DD2DC000FB10A /* ProjectsTableViewController.swift */,
				AC6ACAC5237DD621000FB10A /* WebViewController.swift */,
			);
			path = Controllers;
			sourceTree = "<group>";
		};
		AC6ACAC4237DD38B000FB10A /* DataManager */ = {
			isa = PBXGroup;
			children = (
				AC6ACAC2237DD386000FB10A /* DataManager.swift */,
			);
			path = DataManager;
			sourceTree = "<group>";
		};
/* End PBXGroup section */

/* Begin PBXNativeTarget section */
		AC6ACA82237DAA84000FB10A /* RCSAboutUs */ = {
			isa = PBXNativeTarget;
			buildConfigurationList = AC6ACA97237DAA8A000FB10A /* Build configuration list for PBXNativeTarget "RCSAboutUs" */;
			buildPhases = (
				AC6ACA7F237DAA84000FB10A /* Sources */,
				AC6ACA80237DAA84000FB10A /* Frameworks */,
				AC6ACA81237DAA84000FB10A /* Resources */,
			);
			buildRules = (
			);
			dependencies = (
			);
			name = RCSAboutUs;
			productName = RCSAboutUs;
			productReference = AC6ACA83237DAA84000FB10A /* RCSAboutUs.app */;
			productType = "com.apple.product-type.application";
		};
/* End PBXNativeTarget section */

/* Begin PBXProject section */
		AC6ACA7B237DAA84000FB10A /* Project object */ = {
			isa = PBXProject;
			attributes = {
				LastSwiftUpdateCheck = 1110;
				LastUpgradeCheck = 1110;
				ORGANIZATIONNAME = "Artjoms Vorona";
				TargetAttributes = {
					AC6ACA82237DAA84000FB10A = {
						CreatedOnToolsVersion = 11.1;
					};
				};
			};
			buildConfigurationList = AC6ACA7E237DAA84000FB10A /* Build configuration list for PBXProject "RCSAboutUs" */;
			compatibilityVersion = "Xcode 9.3";
			developmentRegion = en;
			hasScannedForEncodings = 0;
			knownRegions = (
				en,
				Base,
			);
			mainGroup = AC6ACA7A237DAA84000FB10A;
			productRefGroup = AC6ACA84237DAA84000FB10A /* Products */;
			projectDirPath = "";
			projectRoot = "";
			targets = (
				AC6ACA82237DAA84000FB10A /* RCSAboutUs */,
			);
		};
/* End PBXProject section */

/* Begin PBXResourcesBuildPhase section */
		AC6ACA81237DAA84000FB10A /* Resources */ = {
			isa = PBXResourcesBuildPhase;
			buildActionMask = 2147483647;
			files = (
				AC6ACA93237DAA8A000FB10A /* LaunchScreen.storyboard in Resources */,
				AC6ACA90237DAA8A000FB10A /* Assets.xcassets in Resources */,
				AC6ACA8E237DAA84000FB10A /* Main.storyboard in Resources */,
			);
			runOnlyForDeploymentPostprocessing = 0;
		};
/* End PBXResourcesBuildPhase section */

/* Begin PBXSourcesBuildPhase section */
		AC6ACA7F237DAA84000FB10A /* Sources */ = {
			isa = PBXSourcesBuildPhase;
			buildActionMask = 2147483647;
			files = (
				AC6ACA8B237DAA84000FB10A /* ViewController.swift in Sources */,
				AC6ACAC6237DD621000FB10A /* WebViewController.swift in Sources */,
				AC6ACAC3237DD386000FB10A /* DataManager.swift in Sources */,
				AC6ACA87237DAA84000FB10A /* AppDelegate.swift in Sources */,
				AC6ACA89237DAA84000FB10A /* SceneDelegate.swift in Sources */,
				AC6ACABE237DD2DC000FB10A /* ProjectsTableViewController.swift in Sources */,
			);
			runOnlyForDeploymentPostprocessing = 0;
		};
/* End PBXSourcesBuildPhase section */

/* Begin PBXVariantGroup section */
		AC6ACA8C237DAA84000FB10A /* Main.storyboard */ = {
			isa = PBXVariantGroup;
			children = (
				AC6ACA8D237DAA84000FB10A /* Base */,
			);
			name = Main.storyboard;
			sourceTree = "<group>";
		};
		AC6ACA91237DAA8A000FB10A /* LaunchScreen.storyboard */ = {
			isa = PBXVariantGroup;
			children = (
				AC6ACA92237DAA8A000FB10A /* Base */,
			);
			name = LaunchScreen.storyboard;
			sourceTree = "<group>";
		};
/* End PBXVariantGroup section */

/* Begin XCBuildConfiguration section */
		AC6ACA95237DAA8A000FB10A /* Debug */ = {
			isa = XCBuildConfiguration;
			buildSettings = {
				ALWAYS_SEARCH_USER_PATHS = NO;
				CLANG_ANALYZER_NONNULL = YES;
				CLANG_ANALYZER_NUMBER_OBJECT_CONVERSION = YES_AGGRESSIVE;
				CLANG_CXX_LANGUAGE_STANDARD = "gnu++14";
				CLANG_CXX_LIBRARY = "libc++";
				CLANG_ENABLE_MODULES = YES;
				CLANG_ENABLE_OBJC_ARC = YES;
				CLANG_ENABLE_OBJC_WEAK = YES;
				CLANG_WARN_BLOCK_CAPTURE_AUTORELEASING = YES;
				CLANG_WARN_BOOL_CONVERSION = YES;
				CLANG_WARN_COMMA = YES;
				CLANG_WARN_CONSTANT_CONVERSION = YES;
				CLANG_WARN_DEPRECATED_OBJC_IMPLEMENTATIONS = YES;
				CLANG_WARN_DIRECT_OBJC_ISA_USAGE = YES_ERROR;
				CLANG_WARN_DOCUMENTATION_COMMENTS = YES;
				CLANG_WARN_EMPTY_BODY = YES;
				CLANG_WARN_ENUM_CONVERSION = YES;
				CLANG_WARN_INFINITE_RECURSION = YES;
				CLANG_WARN_INT_CONVERSION = YES;
				CLANG_WARN_NON_LITERAL_NULL_CONVERSION = YES;
				CLANG_WARN_OBJC_IMPLICIT_RETAIN_SELF = YES;
				CLANG_WARN_OBJC_LITERAL_CONVERSION = YES;
				CLANG_WARN_OBJC_ROOT_CLASS = YES_ERROR;
				CLANG_WARN_RANGE_LOOP_ANALYSIS = YES;
				CLANG_WARN_STRICT_PROTOTYPES = YES;
				CLANG_WARN_SUSPICIOUS_MOVE = YES;
				CLANG_WARN_UNGUARDED_AVAILABILITY = YES_AGGRESSIVE;
				CLANG_WARN_UNREACHABLE_CODE = YES;
				CLANG_WARN__DUPLICATE_METHOD_MATCH = YES;
				COPY_PHASE_STRIP = NO;
				DEBUG_INFORMATION_FORMAT = dwarf;
				ENABLE_STRICT_OBJC_MSGSEND = YES;
				ENABLE_TESTABILITY = YES;
				GCC_C_LANGUAGE_STANDARD = gnu11;
				GCC_DYNAMIC_NO_PIC = NO;
				GCC_NO_COMMON_BLOCKS = YES;
				GCC_OPTIMIZATION_LEVEL = 0;
				GCC_PREPROCESSOR_DEFINITIONS = (
					"DEBUG=1",
					"$(inherited)",
				);
				GCC_WARN_64_TO_32_BIT_CONVERSION = YES;
				GCC_WARN_ABOUT_RETURN_TYPE = YES_ERROR;
				GCC_WARN_UNDECLARED_SELECTOR = YES;
				GCC_WARN_UNINITIALIZED_AUTOS = YES_AGGRESSIVE;
				GCC_WARN_UNUSED_FUNCTION = YES;
				GCC_WARN_UNUSED_VARIABLE = YES;
				IPHONEOS_DEPLOYMENT_TARGET = 13.1;
				MTL_ENABLE_DEBUG_INFO = INCLUDE_SOURCE;
				MTL_FAST_MATH = YES;
				ONLY_ACTIVE_ARCH = YES;
				SDKROOT = iphoneos;
				SWIFT_ACTIVE_COMPILATION_CONDITIONS = DEBUG;
				SWIFT_OPTIMIZATION_LEVEL = "-Onone";
			};
			name = Debug;
		};
		AC6ACA96237DAA8A000FB10A /* Release */ = {
			isa = XCBuildConfiguration;
			buildSettings = {
				ALWAYS_SEARCH_USER_PATHS = NO;
				CLANG_ANALYZER_NONNULL = YES;
				CLANG_ANALYZER_NUMBER_OBJECT_CONVERSION = YES_AGGRESSIVE;
				CLANG_CXX_LANGUAGE_STANDARD = "gnu++14";
				CLANG_CXX_LIBRARY = "libc++";
				CLANG_ENABLE_MODULES = YES;
				CLANG_ENABLE_OBJC_ARC = YES;
				CLANG_ENABLE_OBJC_WEAK = YES;
				CLANG_WARN_BLOCK_CAPTURE_AUTORELEASING = YES;
				CLANG_WARN_BOOL_CONVERSION = YES;
				CLANG_WARN_COMMA = YES;
				CLANG_WARN_CONSTANT_CONVERSION = YES;
				CLANG_WARN_DEPRECATED_OBJC_IMPLEMENTATIONS = YES;
				CLANG_WARN_DIRECT_OBJC_ISA_USAGE = YES_ERROR;
				CLANG_WARN_DOCUMENTATION_COMMENTS = YES;
				CLANG_WARN_EMPTY_BODY = YES;
				CLANG_WARN_ENUM_CONVERSION = YES;
				CLANG_WARN_INFINITE_RECURSION = YES;
				CLANG_WARN_INT_CONVERSION = YES;
				CLANG_WARN_NON_LITERAL_NULL_CONVERSION = YES;
				CLANG_WARN_OBJC_IMPLICIT_RETAIN_SELF = YES;
				CLANG_WARN_OBJC_LITERAL_CONVERSION = YES;
				CLANG_WARN_OBJC_ROOT_CLASS = YES_ERROR;
				CLANG_WARN_RANGE_LOOP_ANALYSIS = YES;
				CLANG_WARN_STRICT_PROTOTYPES = YES;
				CLANG_WARN_SUSPICIOUS_MOVE = YES;
				CLANG_WARN_UNGUARDED_AVAILABILITY = YES_AGGRESSIVE;
				CLANG_WARN_UNREACHABLE_CODE = YES;
				CLANG_WARN__DUPLICATE_METHOD_MATCH = YES;
				COPY_PHASE_STRIP = NO;
				DEBUG_INFORMATION_FORMAT = "dwarf-with-dsym";
				ENABLE_NS_ASSERTIONS = NO;
				ENABLE_STRICT_OBJC_MSGSEND = YES;
				GCC_C_LANGUAGE_STANDARD = gnu11;
				GCC_NO_COMMON_BLOCKS = YES;
				GCC_WARN_64_TO_32_BIT_CONVERSION = YES;
				GCC_WARN_ABOUT_RETURN_TYPE = YES_ERROR;
				GCC_WARN_UNDECLARED_SELECTOR = YES;
				GCC_WARN_UNINITIALIZED_AUTOS = YES_AGGRESSIVE;
				GCC_WARN_UNUSED_FUNCTION = YES;
				GCC_WARN_UNUSED_VARIABLE = YES;
				IPHONEOS_DEPLOYMENT_TARGET = 13.1;
				MTL_ENABLE_DEBUG_INFO = NO;
				MTL_FAST_MATH = YES;
				SDKROOT = iphoneos;
				SWIFT_COMPILATION_MODE = wholemodule;
				SWIFT_OPTIMIZATION_LEVEL = "-O";
				VALIDATE_PRODUCT = YES;
			};
			name = Release;
		};
		AC6ACA98237DAA8A000FB10A /* Debug */ = {
			isa = XCBuildConfiguration;
			buildSettings = {
				ASSETCATALOG_COMPILER_APPICON_NAME = AppIcon;
				CODE_SIGN_STYLE = Automatic;
				DEVELOPMENT_TEAM = T79XLB42B4;
				INFOPLIST_FILE = RCSAboutUs/Info.plist;
				LD_RUNPATH_SEARCH_PATHS = (
					"$(inherited)",
					"@executable_path/Frameworks",
				);
				PRODUCT_BUNDLE_IDENTIFIER = "-.RCSAboutUs";
				PRODUCT_NAME = "$(TARGET_NAME)";
				SWIFT_VERSION = 5.0;
				TARGETED_DEVICE_FAMILY = 1;
			};
			name = Debug;
		};
		AC6ACA99237DAA8A000FB10A /* Release */ = {
			isa = XCBuildConfiguration;
			buildSettings = {
				ASSETCATALOG_COMPILER_APPICON_NAME = AppIcon;
				CODE_SIGN_STYLE = Automatic;
				DEVELOPMENT_TEAM = T79XLB42B4;
				INFOPLIST_FILE = RCSAboutUs/Info.plist;
				LD_RUNPATH_SEARCH_PATHS = (
					"$(inherited)",
					"@executable_path/Frameworks",
				);
				PRODUCT_BUNDLE_IDENTIFIER = "-.RCSAboutUs";
				PRODUCT_NAME = "$(TARGET_NAME)";
				SWIFT_VERSION = 5.0;
				TARGETED_DEVICE_FAMILY = 1;
			};
			name = Release;
		};
/* End XCBuildConfiguration section */

/* Begin XCConfigurationList section */
		AC6ACA7E237DAA84000FB10A /* Build configuration list for PBXProject "RCSAboutUs" */ = {
			isa = XCConfigurationList;
			buildConfigurations = (
				AC6ACA95237DAA8A000FB10A /* Debug */,
				AC6ACA96237DAA8A000FB10A /* Release */,
			);
			defaultConfigurationIsVisible = 0;
			defaultConfigurationName = Release;
		};
		AC6ACA97237DAA8A000FB10A /* Build configuration list for PBXNativeTarget "RCSAboutUs" */ = {
			isa = XCConfigurationList;
			buildConfigurations = (
				AC6ACA98237DAA8A000FB10A /* Debug */,
				AC6ACA99237DAA8A000FB10A /* Release */,
			);
			defaultConfigurationIsVisible = 0;
			defaultConfigurationName = Release;
		};
/* End XCConfigurationList section */
	};
	rootObject = AC6ACA7B237DAA84000FB10A /* Project object */;
}
